
Microsoft Visual Studio Solution File, Format Version 12.00
# Visual Studio Version 16
VisualStudioVersion = 16.0.32228.343
MinimumVisualStudioVersion = 10.0.40219.1
Project("{FAE04EC0-301F-11D3-BF4B-00C04F79EFBC}") = "TodoApi", "TodoApi\TodoApi.csproj", "{22A28003-6542-44C5-8502-A92C34225230}"
EndProject
Global
	GlobalSection(SolutionConfigurationPlatforms) = preSolution
		Debug|Any CPU = Debug|Any CPU
		Release|Any CPU = Release|Any CPU
	EndGlobalSection
	GlobalSection(ProjectConfigurationPlatforms) = postSolution
		{22A28003-6542-44C5-8502-A92C34225230}.Debug|Any CPU.ActiveCfg = Debug|Any CPU
		{22A28003-6542-44C5-8502-A92C34225230}.Debug|Any CPU.Build.0 = Debug|Any CPU
		{22A28003-6542-44C5-8502-A92C34225230}.Release|Any CPU.ActiveCfg = Release|Any CPU
		{22A28003-6542-44C5-8502-A92C34225230}.Release|Any CPU.Build.0 = Release|Any CPU
	EndGlobalSection
	GlobalSection(SolutionProperties) = preSolution
		HideSolutionNode = FALSE
	EndGlobalSection
	GlobalSection(ExtensibilityGlobals) = postSolution
		SolutionGuid = {0A86361A-AE71-4CA2-A537-8687B3CAA3C5}
	EndGlobalSection
EndGlobal
